
Microsoft Visual Studio Solution File, Format Version 12.00
# Visual Studio Version 17
VisualStudioVersion = 17.9.34723.18
MinimumVisualStudioVersion = 10.0.40219.1
Project("{9A19103F-16F7-4668-BE54-9A1E7A4F7556}") = "EffectiveMobileTestTask", "EffectiveMobileTestTask\EffectiveMobileTestTask.csproj", "{8B4F9455-504F-4BF1-90B1-769926B8DAD1}"
EndProject
Project("{FAE04EC0-301F-11D3-BF4B-00C04F79EFBC}") = "EffectiveMobileTestTask.Tests", "EffectiveMobileTestTask.Tests\EffectiveMobileTestTask.Tests.csproj", "{0E0A2814-793F-4C71-A564-4BA451D5D21F}"
EndProject
Global
	GlobalSection(SolutionConfigurationPlatforms) = preSolution
		Debug|Any CPU = Debug|Any CPU
		Release|Any CPU = Release|Any CPU
	EndGlobalSection
	GlobalSection(ProjectConfigurationPlatforms) = postSolution
		{8B4F9455-504F-4BF1-90B1-769926B8DAD1}.Debug|Any CPU.ActiveCfg = Debug|Any CPU
		{8B4F9455-504F-4BF1-90B1-769926B8DAD1}.Debug|Any CPU.Build.0 = Debug|Any CPU
		{8B4F9455-504F-4BF1-90B1-769926B8DAD1}.Release|Any CPU.ActiveCfg = Release|Any CPU
		{8B4F9455-504F-4BF1-90B1-769926B8DAD1}.Release|Any CPU.Build.0 = Release|Any CPU
		{0E0A2814-793F-4C71-A564-4BA451D5D21F}.Debug|Any CPU.ActiveCfg = Debug|Any CPU
		{0E0A2814-793F-4C71-A564-4BA451D5D21F}.Debug|Any CPU.Build.0 = Debug|Any CPU
		{0E0A2814-793F-4C71-A564-4BA451D5D21F}.Release|Any CPU.ActiveCfg = Release|Any CPU
		{0E0A2814-793F-4C71-A564-4BA451D5D21F}.Release|Any CPU.Build.0 = Release|Any CPU
	EndGlobalSection
	GlobalSection(SolutionProperties) = preSolution
		HideSolutionNode = FALSE
	EndGlobalSection
	GlobalSection(ExtensibilityGlobals) = postSolution
		SolutionGuid = {43C451ED-5933-4060-9040-0979D407BDC2}
	EndGlobalSection
EndGlobal
